
Microsoft Visual Studio Solution File, Format Version 12.00
# Visual Studio Version 16
VisualStudioVersion = 16.0.30717.126
MinimumVisualStudioVersion = 10.0.40219.1
Project("{FAE04EC0-301F-11D3-BF4B-00C04F79EFBC}") = "SFC-API", "SFC-API\SFC-API.csproj", "{7A1164F1-8FC4-427A-B354-CF07A40C3832}"
EndProject
Global
	GlobalSection(SolutionConfigurationPlatforms) = preSolution
		Debug|Any CPU = Debug|Any CPU
		Release|Any CPU = Release|Any CPU
	EndGlobalSection
	GlobalSection(ProjectConfigurationPlatforms) = postSolution
		{7A1164F1-8FC4-427A-B354-CF07A40C3832}.Debug|Any CPU.ActiveCfg = Debug|Any CPU
		{7A1164F1-8FC4-427A-B354-CF07A40C3832}.Debug|Any CPU.Build.0 = Debug|Any CPU
		{7A1164F1-8FC4-427A-B354-CF07A40C3832}.Release|Any CPU.ActiveCfg = Release|Any CPU
		{7A1164F1-8FC4-427A-B354-CF07A40C3832}.Release|Any CPU.Build.0 = Release|Any CPU
	EndGlobalSection
	GlobalSection(SolutionProperties) = preSolution
		HideSolutionNode = FALSE
	EndGlobalSection
	GlobalSection(ExtensibilityGlobals) = postSolution
		SolutionGuid = {B87A38EC-D8DF-426D-9954-AB8E4B58C4AF}
	EndGlobalSection
EndGlobal
